
Microsoft Visual Studio Solution File, Format Version 12.00
# Visual Studio Version 16
VisualStudioVersion = 16.0.31624.102
MinimumVisualStudioVersion = 10.0.40219.1
Project("{FAE04EC0-301F-11D3-BF4B-00C04F79EFBC}") = "Ejercicio I02 - Registrate", "Ejercicio I02 - Registrate\Ejercicio I02 - Registrate.csproj", "{1D806BA7-2BC8-4024-9598-E31DC2A309E6}"
EndProject
Project("{FAE04EC0-301F-11D3-BF4B-00C04F79EFBC}") = "Entidades", "Entidades\Entidades.csproj", "{FD905E86-043B-42C6-9707-5972716839D8}"
EndProject
Global
	GlobalSection(SolutionConfigurationPlatforms) = preSolution
		Debug|Any CPU = Debug|Any CPU
		Release|Any CPU = Release|Any CPU
	EndGlobalSection
	GlobalSection(ProjectConfigurationPlatforms) = postSolution
		{1D806BA7-2BC8-4024-9598-E31DC2A309E6}.Debug|Any CPU.ActiveCfg = Debug|Any CPU
		{1D806BA7-2BC8-4024-9598-E31DC2A309E6}.Debug|Any CPU.Build.0 = Debug|Any CPU
		{1D806BA7-2BC8-4024-9598-E31DC2A309E6}.Release|Any CPU.ActiveCfg = Release|Any CPU
		{1D806BA7-2BC8-4024-9598-E31DC2A309E6}.Release|Any CPU.Build.0 = Release|Any CPU
		{FD905E86-043B-42C6-9707-5972716839D8}.Debug|Any CPU.ActiveCfg = Debug|Any CPU
		{FD905E86-043B-42C6-9707-5972716839D8}.Debug|Any CPU.Build.0 = Debug|Any CPU
		{FD905E86-043B-42C6-9707-5972716839D8}.Release|Any CPU.ActiveCfg = Release|Any CPU
		{FD905E86-043B-42C6-9707-5972716839D8}.Release|Any CPU.Build.0 = Release|Any CPU
	EndGlobalSection
	GlobalSection(SolutionProperties) = preSolution
		HideSolutionNode = FALSE
	EndGlobalSection
	GlobalSection(ExtensibilityGlobals) = postSolution
		SolutionGuid = {E91CACCB-9F2A-4BC0-B78D-0C7608835B22}
	EndGlobalSection
EndGlobal
