
Microsoft Visual Studio Solution File, Format Version 12.00
# Visual Studio Version 16
VisualStudioVersion = 16.0.30611.23
MinimumVisualStudioVersion = 10.0.40219.1
Project("{FAE04EC0-301F-11D3-BF4B-00C04F79EFBC}") = "EjercicioSumador", "EjercicioSumador\EjercicioSumador.csproj", "{AC2BEAA7-9A92-40C9-8091-F547C2B96787}"
EndProject
Project("{FAE04EC0-301F-11D3-BF4B-00C04F79EFBC}") = "Vista", "Vista\Vista.csproj", "{1D027B94-955D-4715-A165-E57E9D35888D}"
EndProject
Global
	GlobalSection(SolutionConfigurationPlatforms) = preSolution
		Debug|Any CPU = Debug|Any CPU
		Release|Any CPU = Release|Any CPU
	EndGlobalSection
	GlobalSection(ProjectConfigurationPlatforms) = postSolution
		{AC2BEAA7-9A92-40C9-8091-F547C2B96787}.Debug|Any CPU.ActiveCfg = Debug|Any CPU
		{AC2BEAA7-9A92-40C9-8091-F547C2B96787}.Debug|Any CPU.Build.0 = Debug|Any CPU
		{AC2BEAA7-9A92-40C9-8091-F547C2B96787}.Release|Any CPU.ActiveCfg = Release|Any CPU
		{AC2BEAA7-9A92-40C9-8091-F547C2B96787}.Release|Any CPU.Build.0 = Release|Any CPU
		{1D027B94-955D-4715-A165-E57E9D35888D}.Debug|Any CPU.ActiveCfg = Debug|Any CPU
		{1D027B94-955D-4715-A165-E57E9D35888D}.Debug|Any CPU.Build.0 = Debug|Any CPU
		{1D027B94-955D-4715-A165-E57E9D35888D}.Release|Any CPU.ActiveCfg = Release|Any CPU
		{1D027B94-955D-4715-A165-E57E9D35888D}.Release|Any CPU.Build.0 = Release|Any CPU
	EndGlobalSection
	GlobalSection(SolutionProperties) = preSolution
		HideSolutionNode = FALSE
	EndGlobalSection
	GlobalSection(ExtensibilityGlobals) = postSolution
		SolutionGuid = {D760FEFF-A171-407F-8EFB-629D77AA3421}
	EndGlobalSection
EndGlobal
